# This file is automatically @generated by Cargo.
# It is not intended for manual editing.
version = 4

[[package]]
name = "av1-analysis"
version = "0.1.0"
dependencies = [
 "av1-ivf",
 "av1-model",
 "av1-structural",
]

[[package]]
name = "av1-bits"
version = "0.1.0"

[[package]]
name = "av1-ivf"
version = "0.1.0"
dependencies = [
 "av1-model",
]

[[package]]
name = "av1-model"
version = "0.1.0"

[[package]]
name = "av1-native-demux"
version = "0.1.0"
dependencies = [
 "av1-native-guard",
 "av1-native-sys",
]

[[package]]
name = "av1-native-guard"
version = "0.1.0"
dependencies = [
 "av1-native-sys",
]

[[package]]
name = "av1-native-sys"
version = "0.1.0"

[[package]]
name = "av1-structural"
version = "0.1.0"
dependencies = [
 "av1-bits",
 "av1-model",
]

[[package]]
name = "av1-worker-protocol"
version = "0.1.0"
dependencies = [
 "av1-model",
]
